{
  "name": "tablesorter",
  "version": "2.29.0",
  "lockfileVersion": 1,
  "requires": true,
  "dependencies": {
    "chalk": {
      "version": "1.1.3",
      "resolved": "https://registry.npmjs.org/chalk/-/chalk-1.1.3.tgz",
      "integrity": "sha1-qBFcVeSnAv5NFQq9OHKCKn4J/Jg=",
      "dev": true
    },
    "clean-css": {
      "version": "4.1.11",
      "resolved": "https://registry.npmjs.org/clean-css/-/clean-css-4.1.11.tgz",
      "integrity": "sha1-Ls3xRaujj1R0DybO/Q/z4D4SXWo=",
      "dev": true,
      "requires": {
        "source-map": "0.5.x"
      }
    },
    "grunt": {
      "version": "1.0.1",
      "resolved": "https://registry.npmjs.org/grunt/-/grunt-1.0.1.tgz",
      "integrity": "sha1-6HeHZOlEsY8yuw8QuQeEdcnftWs=",
      "dev": true
    },
    "grunt-cli": {
      "version": "1.2.0",
      "resolved": "https://registry.npmjs.org/grunt-cli/-/grunt-cli-1.2.0.tgz",
      "integrity": "sha1-VisRnrsGndtGSs4oRVAb6Xs1tqg=",
      "dev": true
    },
    "grunt-contrib-clean": {
      "version": "1.1.0",
      "resolved": "https://registry.npmjs.org/grunt-contrib-clean/-/grunt-contrib-clean-1.1.0.tgz",
      "integrity": "sha1-Vkq/LQN4qYOhW54/MO51tzjEBjg=",
      "dev": true,
      "dependencies": {
        "rimraf": {
          "version": "2.6.1",
          "resolved": "https://registry.npmjs.org/rimraf/-/rimraf-2.6.1.tgz",
          "integrity": "sha1-wjOOxkPfeht/5cVPqG9XQopV8z0="
        }
      }
    },
    "grunt-contrib-concat": {
      "version": "1.0.1",
      "resolved": "https://registry.npmjs.org/grunt-contrib-concat/-/grunt-contrib-concat-1.0.1.tgz",
      "integrity": "sha1-YVCYYwhOhx1+ht5IwBUlntl3Rb0=",
      "dev": true
    },
    "grunt-contrib-copy": {
      "version": "1.0.0",
      "resolved": "https://registry.npmjs.org/grunt-contrib-copy/-/grunt-contrib-copy-1.0.0.tgz",
      "integrity": "sha1-cGDGWB6QS4qw0A8HbgqPbj58NXM=",
      "dev": true
    },
    "grunt-contrib-cssmin": {
      "version": "2.2.1",
      "resolved": "https://registry.npmjs.org/grunt-contrib-cssmin/-/grunt-contrib-cssmin-2.2.1.tgz",
      "integrity": "sha512-IXNomhQ5ekVZbDbj/ik5YccoD9khU6LT2fDXqO1+/Txjq8cp0tQKjVS8i8EAbHOrSDkL7/UD6A7b+xj98gqh9w==",
      "dev": true,
      "requires": {
        "chalk": "^1.0.0",
        "clean-css": "~4.1.1",
        "maxmin": "^2.1.0"
      }
    },
    "grunt-contrib-jshint": {
      "version": "1.1.0",
      "resolved": "https://registry.npmjs.org/grunt-contrib-jshint/-/grunt-contrib-jshint-1.1.0.tgz",
      "integrity": "sha1-Np2QmyWTxA6L55lAshNAhQx5Oaw=",
      "dev": true
    },
    "grunt-contrib-qunit": {
      "version": "2.0.0",
      "resolved": "https://registry.npmjs.org/grunt-contrib-qunit/-/grunt-contrib-qunit-2.0.0.tgz",
      "integrity": "sha1-VKUbSyyE/uYsO34AFFySjR7Ct+w=",
      "dev": true
    },
    "grunt-contrib-uglify": {
      "version": "3.0.1",
      "resolved": "https://registry.npmjs.org/grunt-contrib-uglify/-/grunt-contrib-uglify-3.0.1.tgz",
      "integrity": "sha1-/etfk4pMgEL46Grkb2NVTo6VEcs=",
      "dev": true,
      "dependencies": {
        "gzip-size": {
          "version": "1.0.0",
          "resolved": "https://registry.npmjs.org/gzip-size/-/gzip-size-1.0.0.tgz",
          "integrity": "sha1-Zs+LEBBHInuVus5uodoMF37Vwi8="
        },
        "maxmin": {
          "version": "1.1.0",
          "resolved": "https://registry.npmjs.org/maxmin/-/maxmin-1.1.0.tgz",
          "integrity": "sha1-cTZehKmd2Piz99X94vANHn9zvmE="
        },
        "pretty-bytes": {
          "version": "1.0.4",
          "resolved": "https://registry.npmjs.org/pretty-bytes/-/pretty-bytes-1.0.4.tgz",
          "integrity": "sha1-CiLoIQYJrTVUL4yNXSFZr/B1HIQ="
        }
      }
    },
    "grunt-contrib-watch": {
      "version": "1.0.0",
      "resolved": "https://registry.npmjs.org/grunt-contrib-watch/-/grunt-contrib-watch-1.0.0.tgz",
      "integrity": "sha1-hKGnodar0m7VaEE0lscxM+mQAY8=",
      "dev": true
    },
    "grunt-htmlhint": {
      "version": "0.9.13",
      "resolved": "https://registry.npmjs.org/grunt-htmlhint/-/grunt-htmlhint-0.9.13.tgz",
      "integrity": "sha1-cXACPzDi5wUnkjQrSNW7+RK512w=",
      "dev": true
    },
    "grunt-jscs": {
      "version": "3.0.1",
      "resolved": "https://registry.npmjs.org/grunt-jscs/-/grunt-jscs-3.0.1.tgz",
      "integrity": "sha1-H65Q4+lV3546nZQlrsIqzK4AgJI=",
      "dev": true,
      "dependencies": {
        "lodash": {
          "version": "4.6.1",
          "resolved": "https://registry.npmjs.org/lodash/-/lodash-4.6.1.tgz",
          "integrity": "sha1-3wDBFkrSNrGDz8OIel6NOMxjy7w="
        }
      }
    },
    "grunt-string-replace": {
      "version": "1.3.1",
      "resolved": "https://registry.npmjs.org/grunt-string-replace/-/grunt-string-replace-1.3.1.tgz",
      "integrity": "sha1-YzoDvHhIKg4OH5339kWBH8H7sWI=",
      "dev": true,
      "dependencies": {
        "async": {
          "version": "2.4.1",
          "resolved": "https://registry.npmjs.org/async/-/async-2.4.1.tgz",
          "integrity": "sha1-YqVrJ5yYoR0JhwlqAcw+6463u9c="
        },
        "lodash": {
          "version": "4.17.4",
          "resolved": "https://registry.npmjs.org/lodash/-/lodash-4.17.4.tgz",
          "integrity": "sha1-eCA6TRwyiuHYbcpkYONptX9AVa4="
        }
      }
    },
    "jquery": {
      "version": "3.2.1",
      "resolved": "https://registry.npmjs.org/jquery/-/jquery-3.2.1.tgz",
      "integrity": "sha1-XE2d5lKvbNCncBVKYxu6ErAVx4c="
    },
    "maxmin": {
      "version": "2.1.0",
      "resolved": "https://registry.npmjs.org/maxmin/-/maxmin-2.1.0.tgz",
      "integrity": "sha1-TTsiCQPZXu5+t6x/qGTnLcCaMWY=",
      "dev": true
    },
    "source-map": {
      "version": "0.5.6",
      "resolved": "https://registry.npmjs.org/source-map/-/source-map-0.5.6.tgz",
      "integrity": "sha1-dc449SvwczxafwwRjYEzSiu19BI=",
      "dev": true
    }
  }
}
